PODS:
  - AppAuth (1.6.0):
    - AppAuth/Core (= 1.6.0)
    - AppAuth/ExternalUserAgent (= 1.6.0)
  - AppAuth/Core (1.6.0)
  - AppAuth/ExternalUserAgent (1.6.0):
    - AppAuth/Core
  - FBAEMKit (14.1.0):
    - FBSDKCoreKit_Basics (= 14.1.0)
  - FBSDKCoreKit (14.1.0):
    - FBAEMKit (= 14.1.0)
    - FBSDKCoreKit_Basics (= 14.1.0)
  - FBSDKCoreKit_Basics (14.1.0)
  - FBSDKLoginKit (14.1.0):
    - FBSDKCoreKit (= 14.1.0)
  - Firebase/Auth (10.0.0):
    - Firebase/CoreOnly
    - FirebaseAuth (~> 10.0.0)
  - Firebase/CoreOnly (10.0.0):
    - FirebaseCore (= 10.0.0)
  - firebase_auth (4.0.2):
    - Firebase/Auth (= 10.0.0)
    - firebase_core
    - Flutter
  - firebase_core (2.1.0):
    - Firebase/CoreOnly (= 10.0.0)
    - Flutter
  - FirebaseAnonymousAuthUI (12.3.0):
    - FirebaseAuth (< 11.0, >= 8.0)
    - FirebaseAuthUI
    - FirebaseCore
  - FirebaseAuth (10.0.0):
    - FirebaseCore (~> 10.0)
    - GoogleUtilities/AppDelegateSwizzler (~> 7.8)
    - GoogleUtilities/Environment (~> 7.8)
    - GTMSessionFetcher/Core (~> 2.1)
  - FirebaseAuthUI (12.3.0):
    - FirebaseAuth (< 11.0, >= 8.0)
    - FirebaseCore
  - FirebaseCore (10.0.0):
    - FirebaseCoreInternal (~> 10.0)
    - GoogleUtilities/Environment (~> 7.8)
    - GoogleUtilities/Logger (~> 7.8)
  - FirebaseCoreInternal (10.0.0):
    - "GoogleUtilities/NSData+zlib (~> 7.8)"
  - FirebaseEmailAuthUI (12.3.0):
    - FirebaseAuth
    - FirebaseAuthUI
    - FirebaseCore
    - GoogleUtilities/UserDefaults
  - FirebaseFacebookAuthUI (12.3.0):
    - FBSDKCoreKit_Basics
    - FBSDKLoginKit (< 15.0, >= 11.0)
    - FirebaseAuth
    - FirebaseAuthUI
    - FirebaseCore
  - FirebaseGoogleAuthUI (12.3.0):
    - FirebaseAuth
    - FirebaseAuthUI
    - FirebaseCore
    - GoogleSignIn (~> 6.0)
  - FirebaseOAuthUI (12.3.0):
    - FirebaseAuth (< 11.0, >= 8.0)
    - FirebaseAuthUI (< 13.0, >= 12.0.2)
  - FirebasePhoneAuthUI (12.3.0):
    - FirebaseAuth
    - FirebaseAuthUI
  - FirebaseUI/Anonymous (12.3.0):
    - FirebaseAnonymousAuthUI (~> 12.0)
  - FirebaseUI/Auth (12.3.0):
    - FirebaseAuthUI (~> 12.0)
  - FirebaseUI/Email (12.3.0):
    - FirebaseEmailAuthUI (~> 12.0)
  - FirebaseUI/Facebook (12.3.0):
    - FirebaseFacebookAuthUI (~> 12.0)
  - FirebaseUI/Google (12.3.0):
    - FirebaseGoogleAuthUI (~> 12.0)
  - FirebaseUI/OAuth (12.3.0):
    - FirebaseOAuthUI (~> 12.0)
  - FirebaseUI/Phone (12.3.0):
    - FirebasePhoneAuthUI (~> 12.0)
  - Flutter (1.0.0)
  - flutter_auth_ui (3.1.0):
    - FirebaseUI/Anonymous (~> 12.3)
    - FirebaseUI/Auth (~> 12.3)
    - FirebaseUI/Email (~> 12.3)
    - FirebaseUI/Facebook (~> 12.3)
    - FirebaseUI/Google (~> 12.3)
    - FirebaseUI/OAuth (~> 12.3)
    - FirebaseUI/Phone (~> 12.3)
    - Flutter
  - GoogleSignIn (6.2.4):
    - AppAuth (~> 1.5)
    - GTMAppAuth (~> 1.3)
    - GTMSessionFetcher/Core (< 3.0, >= 1.1)
  - GoogleUtilities/AppDelegateSwizzler (7.8.0):
    - GoogleUtilities/Environment
    - GoogleUtilities/Logger
    - GoogleUtilities/Network
  - GoogleUtilities/Environment (7.8.0):
    - PromisesObjC (< 3.0, >= 1.2)
  - GoogleUtilities/Logger (7.8.0):
    - GoogleUtilities/Environment
  - GoogleUtilities/Network (7.8.0):
    - GoogleUtilities/Logger
    - "GoogleUtilities/NSData+zlib"
    - GoogleUtilities/Reachability
  - "GoogleUtilities/NSData+zlib (7.8.0)"
  - GoogleUtilities/Reachability (7.8.0):
    - GoogleUtilities/Logger
  - GoogleUtilities/UserDefaults (7.8.0):
    - GoogleUtilities/Logger
  - GTMAppAuth (1.3.1):
    - AppAuth/Core (~> 1.6)
    - GTMSessionFetcher/Core (< 3.0, >= 1.5)
  - GTMSessionFetcher/Core (2.1.0)
  - PromisesObjC (2.1.1)

DEPENDENCIES:
  - firebase_auth (from `.symlinks/plugins/firebase_auth/ios`)
  - firebase_core (from `.symlinks/plugins/firebase_core/ios`)
  - Flutter (from `Flutter`)
  - flutter_auth_ui (from `.symlinks/plugins/flutter_auth_ui/ios`)

SPEC REPOS:
  trunk:
    - AppAuth
    - FBAEMKit
    - FBSDKCoreKit
    - FBSDKCoreKit_Basics
    - FBSDKLoginKit
    - Firebase
    - FirebaseAnonymousAuthUI
    - FirebaseAuth
    - FirebaseAuthUI
    - FirebaseCore
    - FirebaseCoreInternal
    - FirebaseEmailAuthUI
    - FirebaseFacebookAuthUI
    - FirebaseGoogleAuthUI
    - FirebaseOAuthUI
    - FirebasePhoneAuthUI
    - FirebaseUI
    - GoogleSignIn
    - GoogleUtilities
    - GTMAppAuth
    - GTMSessionFetcher
    - PromisesObjC

EXTERNAL SOURCES:
  firebase_auth:
    :path: ".symlinks/plugins/firebase_auth/ios"
  firebase_core:
    :path: ".symlinks/plugins/firebase_core/ios"
  Flutter:
    :path: Flutter
  flutter_auth_ui:
    :path: ".symlinks/plugins/flutter_auth_ui/ios"

SPEC CHECKSUMS:
  AppAuth: 8fca6b5563a5baef2c04bee27538025e4ceb2add
  FBAEMKit: a899515e45476027f73aef377b5cffadcd56ca3a
  FBSDKCoreKit: 24f8bc8d3b5b2a8c5c656a1329492a12e8efa792
  FBSDKCoreKit_Basics: 6e578c9bdc7aa1365dbbbde633c9ebb536bcaa98
  FBSDKLoginKit: 787de205d524c3a4b17d527916f1d066e4361660
  Firebase: 1b810f3d0c0532e27a48f1961f8c0400a668a2cf
  firebase_auth: 043e4d6b834491bb64ddc34b22910ab854c337df
  firebase_core: 9f457751caed72a30d23be90eb72de6ccbd1f9b0
  FirebaseAnonymousAuthUI: 93be34bc7a640cc89ccdb1289916179ac6d5eaf4
  FirebaseAuth: 493382cf533cc45e2862b00e9aa4cfe4c98daf71
  FirebaseAuthUI: 9fa83d7dd7bad0f0eb20a9682f7e649c98e8f644
  FirebaseCore: 97f48a3a567a72b8d4daa0f03c3aadb78df4e995
  FirebaseCoreInternal: 5eb3960335da5ea30115d57d39db6988c4ad06f3
  FirebaseEmailAuthUI: 93c49123133a5ff934e05d15c51462ed0f12ee0a
  FirebaseFacebookAuthUI: 2ed58e670fbf1a8203c81ffc3a73a8739f7ce25c
  FirebaseGoogleAuthUI: 07addbda8ded46089a08681bf101c424eca79337
  FirebaseOAuthUI: 7df89aca072aaba79a63f8cabb0183a2e818c3d3
  FirebasePhoneAuthUI: 75e26e892ab6136003311d89e9bda31f54f5363f
  FirebaseUI: e9a2dd42f5b593cd8b6e64c11d30ded38f30e48c
  Flutter: f04841e97a9d0b0a8025694d0796dd46242b2854
  flutter_auth_ui: 0bd32dfb35981630e7f8621d11b44ac267ab5ba6
  GoogleSignIn: 5651ce3a61e56ca864160e79b484cd9ed3f49b7a
  GoogleUtilities: 1d20a6ad97ef46f67bbdec158ce00563a671ebb7
  GTMAppAuth: 0ff230db599948a9ad7470ca667337803b3fc4dd
  GTMSessionFetcher: ffbb25ec00ebcb5201adab0a56d808f6f1902d9f
  PromisesObjC: ab77feca74fa2823e7af4249b8326368e61014cb

PODFILE CHECKSUM: 57c8aed26fba39d3ec9424816221f294a07c58eb

COCOAPODS: 1.11.3
