PODS:
  - AppAuth (1.5.0):
    - AppAuth/Core (= 1.5.0)
    - AppAuth/ExternalUserAgent (= 1.5.0)
  - AppAuth/Core (1.5.0)
  - AppAuth/ExternalUserAgent (1.5.0):
    - AppAuth/Core
  - FBAEMKit (12.3.2):
    - FBSDKCoreKit_Basics (= 12.3.2)
  - FBSDKCoreKit (12.3.2):
    - FBAEMKit (= 12.3.2)
    - FBSDKCoreKit_Basics (= 12.3.2)
  - FBSDKCoreKit_Basics (12.3.2)
  - FBSDKLoginKit (12.3.2):
    - FBSDKCoreKit (= 12.3.2)
  - Firebase/Auth (8.15.0):
    - Firebase/CoreOnly
    - FirebaseAuth (~> 8.15.0)
  - Firebase/CoreOnly (8.15.0):
    - FirebaseCore (= 8.15.0)
  - firebase_auth (3.3.18):
    - Firebase/Auth (= 8.15.0)
    - firebase_core
    - Flutter
  - firebase_core (1.17.0):
    - Firebase/CoreOnly (= 8.15.0)
    - Flutter
  - FirebaseAnonymousAuthUI (12.2.0):
    - FirebaseAuth (< 10.0, >= 8.0)
    - FirebaseAuthUI
    - FirebaseCore
  - FirebaseAuth (8.15.0):
    - FirebaseCore (~> 8.0)
    - GoogleUtilities/AppDelegateSwizzler (~> 7.7)
    - GoogleUtilities/Environment (~> 7.7)
    - GTMSessionFetcher/Core (~> 1.5)
  - FirebaseAuthUI (12.2.0):
    - FirebaseAuth (< 10.0, >= 8.0)
    - FirebaseCore
  - FirebaseCore (8.15.0):
    - FirebaseCoreDiagnostics (~> 8.0)
    - GoogleUtilities/Environment (~> 7.7)
    - GoogleUtilities/Logger (~> 7.7)
  - FirebaseCoreDiagnostics (8.15.0):
    - GoogleDataTransport (~> 9.1)
    - GoogleUtilities/Environment (~> 7.7)
    - GoogleUtilities/Logger (~> 7.7)
    - nanopb (~> 2.30908.0)
  - FirebaseEmailAuthUI (12.2.0):
    - FirebaseAuth
    - FirebaseAuthUI
    - FirebaseCore
    - GoogleUtilities/UserDefaults
  - FirebaseFacebookAuthUI (12.2.0):
    - FBSDKCoreKit_Basics
    - FBSDKLoginKit (< 13.0, >= 11.0)
    - FirebaseAuth
    - FirebaseAuthUI
    - FirebaseCore
  - FirebaseGoogleAuthUI (12.2.0):
    - FirebaseAuth
    - FirebaseAuthUI
    - FirebaseCore
    - GoogleSignIn (~> 6.0)
  - FirebaseOAuthUI (12.2.0):
    - FirebaseAuth (< 10.0, >= 8.0)
    - FirebaseAuthUI (< 13.0, >= 12.0.2)
  - FirebasePhoneAuthUI (12.2.0):
    - FirebaseAuth
    - FirebaseAuthUI
  - FirebaseUI/Anonymous (12.2.0):
    - FirebaseAnonymousAuthUI (~> 12.0)
  - FirebaseUI/Auth (12.2.0):
    - FirebaseAuthUI (~> 12.0)
  - FirebaseUI/Email (12.2.0):
    - FirebaseEmailAuthUI (~> 12.0)
  - FirebaseUI/Facebook (12.2.0):
    - FirebaseFacebookAuthUI (~> 12.0)
  - FirebaseUI/Google (12.2.0):
    - FirebaseGoogleAuthUI (~> 12.0)
  - FirebaseUI/OAuth (12.2.0):
    - FirebaseOAuthUI (~> 12.0)
  - FirebaseUI/Phone (12.2.0):
    - FirebasePhoneAuthUI (~> 12.0)
  - Flutter (1.0.0)
  - flutter_auth_ui (3.0.0):
    - FirebaseUI/Anonymous (~> 12.2)
    - FirebaseUI/Auth (~> 12.2)
    - FirebaseUI/Email (~> 12.2)
    - FirebaseUI/Facebook (~> 12.2)
    - FirebaseUI/Google (~> 12.2)
    - FirebaseUI/OAuth (~> 12.2)
    - FirebaseUI/Phone (~> 12.2)
    - Flutter
  - GoogleDataTransport (9.1.4):
    - GoogleUtilities/Environment (~> 7.7)
    - nanopb (< 2.30910.0, >= 2.30908.0)
    - PromisesObjC (< 3.0, >= 1.2)
  - GoogleSignIn (6.1.0):
    - AppAuth (~> 1.4)
    - GTMAppAuth (~> 1.0)
    - GTMSessionFetcher/Core (~> 1.1)
  - GoogleUtilities/AppDelegateSwizzler (7.7.0):
    - GoogleUtilities/Environment
    - GoogleUtilities/Logger
    - GoogleUtilities/Network
  - GoogleUtilities/Environment (7.7.0):
    - PromisesObjC (< 3.0, >= 1.2)
  - GoogleUtilities/Logger (7.7.0):
    - GoogleUtilities/Environment
  - GoogleUtilities/Network (7.7.0):
    - GoogleUtilities/Logger
    - "GoogleUtilities/NSData+zlib"
    - GoogleUtilities/Reachability
  - "GoogleUtilities/NSData+zlib (7.7.0)"
  - GoogleUtilities/Reachability (7.7.0):
    - GoogleUtilities/Logger
  - GoogleUtilities/UserDefaults (7.7.0):
    - GoogleUtilities/Logger
  - GTMAppAuth (1.3.0):
    - AppAuth/Core (~> 1.4)
    - GTMSessionFetcher/Core (~> 1.5)
  - GTMSessionFetcher/Core (1.7.2)
  - nanopb (2.30908.0):
    - nanopb/decode (= 2.30908.0)
    - nanopb/encode (= 2.30908.0)
  - nanopb/decode (2.30908.0)
  - nanopb/encode (2.30908.0)
  - PromisesObjC (2.1.0)

DEPENDENCIES:
  - firebase_auth (from `.symlinks/plugins/firebase_auth/ios`)
  - firebase_core (from `.symlinks/plugins/firebase_core/ios`)
  - Flutter (from `Flutter`)
  - flutter_auth_ui (from `.symlinks/plugins/flutter_auth_ui/ios`)

SPEC REPOS:
  trunk:
    - AppAuth
    - FBAEMKit
    - FBSDKCoreKit
    - FBSDKCoreKit_Basics
    - FBSDKLoginKit
    - Firebase
    - FirebaseAnonymousAuthUI
    - FirebaseAuth
    - FirebaseAuthUI
    - FirebaseCore
    - FirebaseCoreDiagnostics
    - FirebaseEmailAuthUI
    - FirebaseFacebookAuthUI
    - FirebaseGoogleAuthUI
    - FirebaseOAuthUI
    - FirebasePhoneAuthUI
    - FirebaseUI
    - GoogleDataTransport
    - GoogleSignIn
    - GoogleUtilities
    - GTMAppAuth
    - GTMSessionFetcher
    - nanopb
    - PromisesObjC

EXTERNAL SOURCES:
  firebase_auth:
    :path: ".symlinks/plugins/firebase_auth/ios"
  firebase_core:
    :path: ".symlinks/plugins/firebase_core/ios"
  Flutter:
    :path: Flutter
  flutter_auth_ui:
    :path: ".symlinks/plugins/flutter_auth_ui/ios"

SPEC CHECKSUMS:
  AppAuth: 80317d99ac7ff2801a2f18ff86b48cd315ed465d
  FBAEMKit: 955ca52eba8219c20f90774e8c6ff8bc7b3192a3
  FBSDKCoreKit: 678f64eda3f0ff25c189c2ebbfe87b1d96a85a6d
  FBSDKCoreKit_Basics: 6bee7c1f0932432901781203fa5e587ec5099148
  FBSDKLoginKit: 56d55e23fe66a6db045826190b0b4dbc0e1ca0a0
  Firebase: 5f8193dff4b5b7c5d5ef72ae54bb76c08e2b841d
  firebase_auth: ace975b530600827bd901a9a18584f7cdaf6d160
  firebase_core: aa1b92020533f5c23955e388c347c58fd64f8627
  FirebaseAnonymousAuthUI: d6e14b70ac187e2d99d95d1c0aa25a83cf7fabb6
  FirebaseAuth: 3e73bf8abf4fbb40f8b421f361f4cc48ee57388c
  FirebaseAuthUI: 9381cd32c4efcaf3550f4a95dd176fc73da253ee
  FirebaseCore: 5743c5785c074a794d35f2fff7ecc254a91e08b1
  FirebaseCoreDiagnostics: 92e07a649aeb66352b319d43bdd2ee3942af84cb
  FirebaseEmailAuthUI: 9d6de47961cd1fa9be0003ad3cc4763fdd20560f
  FirebaseFacebookAuthUI: ff51c10537c7a617961e8dcb60ea70a43ddb56c9
  FirebaseGoogleAuthUI: 978ae1845a5c9111fdf4c2e05708edb0a224bed3
  FirebaseOAuthUI: 4cb09dfdf3164e664e5381cc6beec9d600205790
  FirebasePhoneAuthUI: c6207588f5c0def216ad4c73b2e312dd1fe529f8
  FirebaseUI: 33ee19f70792fae68bee5cbbbf93733baa2cc7fa
  Flutter: 50d75fe2f02b26cc09d224853bb45737f8b3214a
  flutter_auth_ui: 0e72053d4c0c578d16278f6d5366b6cd62957482
  GoogleDataTransport: 5fffe35792f8b96ec8d6775f5eccd83c998d5a3b
  GoogleSignIn: c90b5bec45e780f54c6a8e1e3c182a86e3dda69d
  GoogleUtilities: e0913149f6b0625b553d70dae12b49fc62914fd1
  GTMAppAuth: 4d8f864896f3646f0c33baf38a28362f4c601e15
  GTMSessionFetcher: 5595ec75acf5be50814f81e9189490412bad82ba
  nanopb: a0ba3315591a9ae0a16a309ee504766e90db0c96
  PromisesObjC: 99b6f43f9e1044bd87a95a60beff28c2c44ddb72

PODFILE CHECKSUM: 57c8aed26fba39d3ec9424816221f294a07c58eb

COCOAPODS: 1.11.3
